
Microsoft Visual Studio Solution File, Format Version 12.00
# Visual Studio 2013
VisualStudioVersion = 12.0.21005.1
MinimumVisualStudioVersion = 10.0.40219.1
Project("{FAE04EC0-301F-11D3-BF4B-00C04F79EFBC}") = "MobilePhone", "MobilePhone\MobilePhone.csproj", "{7F5A8321-E0E0-40B3-9BEE-EC11C6A5476D}"
EndProject
Project("{FAE04EC0-301F-11D3-BF4B-00C04F79EFBC}") = "GSMCallHistoryTest", "GSMCallHistoryTest\GSMCallHistoryTest.csproj", "{4F5C84AC-E55D-466B-A420-89D9A9457286}"
EndProject
Global
	GlobalSection(SolutionConfigurationPlatforms) = preSolution
		Debug|Any CPU = Debug|Any CPU
		Release|Any CPU = Release|Any CPU
	EndGlobalSection
	GlobalSection(ProjectConfigurationPlatforms) = postSolution
		{7F5A8321-E0E0-40B3-9BEE-EC11C6A5476D}.Debug|Any CPU.ActiveCfg = Debug|Any CPU
		{7F5A8321-E0E0-40B3-9BEE-EC11C6A5476D}.Debug|Any CPU.Build.0 = Debug|Any CPU
		{7F5A8321-E0E0-40B3-9BEE-EC11C6A5476D}.Release|Any CPU.ActiveCfg = Release|Any CPU
		{7F5A8321-E0E0-40B3-9BEE-EC11C6A5476D}.Release|Any CPU.Build.0 = Release|Any CPU
		{4F5C84AC-E55D-466B-A420-89D9A9457286}.Debug|Any CPU.ActiveCfg = Debug|Any CPU
		{4F5C84AC-E55D-466B-A420-89D9A9457286}.Debug|Any CPU.Build.0 = Debug|Any CPU
		{4F5C84AC-E55D-466B-A420-89D9A9457286}.Release|Any CPU.ActiveCfg = Release|Any CPU
		{4F5C84AC-E55D-466B-A420-89D9A9457286}.Release|Any CPU.Build.0 = Release|Any CPU
	EndGlobalSection
	GlobalSection(SolutionProperties) = preSolution
		HideSolutionNode = FALSE
	EndGlobalSection
EndGlobal
