
Microsoft Visual Studio Solution File, Format Version 12.00
# Visual Studio 2013
VisualStudioVersion = 12.0.21005.1
MinimumVisualStudioVersion = 10.0.40219.1
Project("{FAE04EC0-301F-11D3-BF4B-00C04F79EFBC}") = "01.RegistrationForm", "01.RegistrationForm\01.RegistrationForm.csproj", "{5F8677D7-ED6C-41FC-B395-B8F02BE2CA46}"
EndProject
Project("{FAE04EC0-301F-11D3-BF4B-00C04F79EFBC}") = "02.UniversityGrid", "02.UniversityGrid\02.UniversityGrid.csproj", "{40661959-99C6-444F-A76D-8418F2FD19B6}"
EndProject
Project("{FAE04EC0-301F-11D3-BF4B-00C04F79EFBC}") = "03.NotebookStore", "03.NotebookStore\03.NotebookStore.csproj", "{6EF74D8A-51EA-423A-A156-FA43AFE19A5E}"
EndProject
Global
	GlobalSection(SolutionConfigurationPlatforms) = preSolution
		Debug|Any CPU = Debug|Any CPU
		Release|Any CPU = Release|Any CPU
	EndGlobalSection
	GlobalSection(ProjectConfigurationPlatforms) = postSolution
		{5F8677D7-ED6C-41FC-B395-B8F02BE2CA46}.Debug|Any CPU.ActiveCfg = Debug|Any CPU
		{5F8677D7-ED6C-41FC-B395-B8F02BE2CA46}.Debug|Any CPU.Build.0 = Debug|Any CPU
		{5F8677D7-ED6C-41FC-B395-B8F02BE2CA46}.Release|Any CPU.ActiveCfg = Release|Any CPU
		{5F8677D7-ED6C-41FC-B395-B8F02BE2CA46}.Release|Any CPU.Build.0 = Release|Any CPU
		{40661959-99C6-444F-A76D-8418F2FD19B6}.Debug|Any CPU.ActiveCfg = Debug|Any CPU
		{40661959-99C6-444F-A76D-8418F2FD19B6}.Debug|Any CPU.Build.0 = Debug|Any CPU
		{40661959-99C6-444F-A76D-8418F2FD19B6}.Release|Any CPU.ActiveCfg = Release|Any CPU
		{40661959-99C6-444F-A76D-8418F2FD19B6}.Release|Any CPU.Build.0 = Release|Any CPU
		{6EF74D8A-51EA-423A-A156-FA43AFE19A5E}.Debug|Any CPU.ActiveCfg = Debug|Any CPU
		{6EF74D8A-51EA-423A-A156-FA43AFE19A5E}.Debug|Any CPU.Build.0 = Debug|Any CPU
		{6EF74D8A-51EA-423A-A156-FA43AFE19A5E}.Release|Any CPU.ActiveCfg = Release|Any CPU
		{6EF74D8A-51EA-423A-A156-FA43AFE19A5E}.Release|Any CPU.Build.0 = Release|Any CPU
	EndGlobalSection
	GlobalSection(SolutionProperties) = preSolution
		HideSolutionNode = FALSE
	EndGlobalSection
EndGlobal
