
Microsoft Visual Studio Solution File, Format Version 12.00
# Visual Studio 2013
VisualStudioVersion = 12.0.21005.1
MinimumVisualStudioVersion = 10.0.40219.1
Project("{FAE04EC0-301F-11D3-BF4B-00C04F79EFBC}") = "01.RunnersHomePage", "01.RunnersHomePage\01.RunnersHomePage.csproj", "{0DB7CBA0-C2A2-44E0-AFB5-1F56827D6AF9}"
EndProject
Project("{FAE04EC0-301F-11D3-BF4B-00C04F79EFBC}") = "02.NestedLists", "02.NestedLists\02.NestedLists.csproj", "{7004A42A-9329-48F1-86F2-8A230A5FDDE6}"
EndProject
Project("{FAE04EC0-301F-11D3-BF4B-00C04F79EFBC}") = "03.SocialSite", "03.SocialSite\03.SocialSite.csproj", "{A5874F89-1CEC-49F1-849E-FF9AEFB25584}"
EndProject
Global
	GlobalSection(SolutionConfigurationPlatforms) = preSolution
		Debug|Any CPU = Debug|Any CPU
		Release|Any CPU = Release|Any CPU
	EndGlobalSection
	GlobalSection(ProjectConfigurationPlatforms) = postSolution
		{0DB7CBA0-C2A2-44E0-AFB5-1F56827D6AF9}.Debug|Any CPU.ActiveCfg = Debug|Any CPU
		{0DB7CBA0-C2A2-44E0-AFB5-1F56827D6AF9}.Debug|Any CPU.Build.0 = Debug|Any CPU
		{0DB7CBA0-C2A2-44E0-AFB5-1F56827D6AF9}.Release|Any CPU.ActiveCfg = Release|Any CPU
		{0DB7CBA0-C2A2-44E0-AFB5-1F56827D6AF9}.Release|Any CPU.Build.0 = Release|Any CPU
		{7004A42A-9329-48F1-86F2-8A230A5FDDE6}.Debug|Any CPU.ActiveCfg = Debug|Any CPU
		{7004A42A-9329-48F1-86F2-8A230A5FDDE6}.Debug|Any CPU.Build.0 = Debug|Any CPU
		{7004A42A-9329-48F1-86F2-8A230A5FDDE6}.Release|Any CPU.ActiveCfg = Release|Any CPU
		{7004A42A-9329-48F1-86F2-8A230A5FDDE6}.Release|Any CPU.Build.0 = Release|Any CPU
		{A5874F89-1CEC-49F1-849E-FF9AEFB25584}.Debug|Any CPU.ActiveCfg = Debug|Any CPU
		{A5874F89-1CEC-49F1-849E-FF9AEFB25584}.Debug|Any CPU.Build.0 = Debug|Any CPU
		{A5874F89-1CEC-49F1-849E-FF9AEFB25584}.Release|Any CPU.ActiveCfg = Release|Any CPU
		{A5874F89-1CEC-49F1-849E-FF9AEFB25584}.Release|Any CPU.Build.0 = Release|Any CPU
	EndGlobalSection
	GlobalSection(SolutionProperties) = preSolution
		HideSolutionNode = FALSE
	EndGlobalSection
EndGlobal
